Microsoft Visual Studio Solution File, Format Version 12.00
# Visual Studio Version 17
VisualStudioVersion = 17.5.2.0
MinimumVisualStudioVersion = 10.0.40219.1
Project("{FAE04EC0-301F-11D3-BF4B-00C04F79EFBC}") = "VS Anticheat", "VS Anticheat.csproj", "{9ED3886D-9137-574D-54B7-D323F8A22E11}"
EndProject
Global
	GlobalSection(SolutionConfigurationPlatforms) = preSolution
		Debug|Any CPU = Debug|Any CPU
		Release|Any CPU = Release|Any CPU
	EndGlobalSection
	GlobalSection(ProjectConfigurationPlatforms) = postSolution
		{9ED3886D-9137-574D-54B7-D323F8A22E11}.Debug|Any CPU.ActiveCfg = Debug|Any CPU
		{9ED3886D-9137-574D-54B7-D323F8A22E11}.Debug|Any CPU.Build.0 = Debug|Any CPU
		{9ED3886D-9137-574D-54B7-D323F8A22E11}.Release|Any CPU.ActiveCfg = Release|Any CPU
		{9ED3886D-9137-574D-54B7-D323F8A22E11}.Release|Any CPU.Build.0 = Release|Any CPU
	EndGlobalSection
	GlobalSection(SolutionProperties) = preSolution
		HideSolutionNode = FALSE
	EndGlobalSection
	GlobalSection(ExtensibilityGlobals) = postSolution
		SolutionGuid = {FBCB6470-96D6-435F-A089-C9BA57769BF8}
	EndGlobalSection
EndGlobal
